Microsoft Visual Studio Solution File, Format Version 12.00
# Visual Studio Version 17
VisualStudioVersion = 17.5.2.0
MinimumVisualStudioVersion = 10.0.40219.1
Project("{FAE04EC0-301F-11D3-BF4B-00C04F79EFBC}") = "MafWorkflowTests", "MafWorkflowTests.csproj", "{4DFF60F0-31A1-BC16-2EF2-4EAA2752CF05}"
EndProject
Global
	GlobalSection(SolutionConfigurationPlatforms) = preSolution
		Debug|Any CPU = Debug|Any CPU
		Release|Any CPU = Release|Any CPU
	EndGlobalSection
	GlobalSection(ProjectConfigurationPlatforms) = postSolution
		{4DFF60F0-31A1-BC16-2EF2-4EAA2752CF05}.Debug|Any CPU.ActiveCfg = Debug|Any CPU
		{4DFF60F0-31A1-BC16-2EF2-4EAA2752CF05}.Debug|Any CPU.Build.0 = Debug|Any CPU
		{4DFF60F0-31A1-BC16-2EF2-4EAA2752CF05}.Release|Any CPU.ActiveCfg = Release|Any CPU
		{4DFF60F0-31A1-BC16-2EF2-4EAA2752CF05}.Release|Any CPU.Build.0 = Release|Any CPU
	EndGlobalSection
	GlobalSection(SolutionProperties) = preSolution
		HideSolutionNode = FALSE
	EndGlobalSection
	GlobalSection(ExtensibilityGlobals) = postSolution
		SolutionGuid = {89233A1A-028C-4E3C-8C59-0A05C0E65EF7}
	EndGlobalSection
EndGlobal
