
Microsoft Visual Studio Solution File, Format Version 12.00
# Visual Studio Version 17
VisualStudioVersion = 17.0.31903.59
MinimumVisualStudioVersion = 10.0.40219.1
Project("{2150E333-8FDC-42A3-9474-1A3956D46DE8}") = "shared", "shared", "{4F52FD11-658E-A102-6CD3-7D7C16FFA15B}"
EndProject
Project("{FAE04EC0-301F-11D3-BF4B-00C04F79EFBC}") = "MafWorkflow.Shared", "shared\MafWorkflow.Shared\MafWorkflow.Shared.csproj", "{9FE1CF1D-F246-4CDE-9729-1B6D60BEFCC8}"
EndProject
Project("{FAE04EC0-301F-11D3-BF4B-00C04F79EFBC}") = "MafWorkflow.Worker.Core", "shared\MafWorkflow.Worker.Core\MafWorkflow.Worker.Core.csproj", "{707E3E32-DD53-4F21-BE27-6338F06BE2C9}"
EndProject
Project("{2150E333-8FDC-42A3-9474-1A3956D46DE8}") = "sales-workflow", "sales-workflow", "{E51BC159-DD2D-E68A-631F-585717F03A54}"
EndProject
Project("{2150E333-8FDC-42A3-9474-1A3956D46DE8}") = "infra", "infra", "{724E7FFF-58AB-746C-5F68-C4E8B7C762A4}"
EndProject
Project("{FAE04EC0-301F-11D3-BF4B-00C04F79EFBC}") = "SalesWorkflow", "sales-workflow\infra\SalesWorkflow.csproj", "{D95A202D-0E08-4C01-828A-2165ED178098}"
EndProject
Project("{2150E333-8FDC-42A3-9474-1A3956D46DE8}") = "agent-workflow-bff", "agent-workflow-bff", "{BE8830DF-ABAB-A7C6-9D2B-8BA6195A0CC7}"
EndProject
Project("{FAE04EC0-301F-11D3-BF4B-00C04F79EFBC}") = "AgentWorkflow.Bff", "agent-workflow-bff\AgentWorkflow.Bff.csproj", "{0CAE462C-42F7-4720-8AAB-C76507BB940E}"
EndProject
Project("{FAE04EC0-301F-11D3-BF4B-00C04F79EFBC}") = "AgentWorkflow.Bff.Tests", "AgentWorkflow.Bff.Tests\AgentWorkflow.Bff.Tests.csproj", "{54A49AB2-8994-4F26-B944-B856F0F84863}"
EndProject
Project("{2150E333-8FDC-42A3-9474-1A3956D46DE8}") = "support-workflow", "support-workflow", "{A299BD37-9299-A4A2-FF30-9D3D320DF551}"
EndProject
Project("{FAE04EC0-301F-11D3-BF4B-00C04F79EFBC}") = "MafWorkflowTests", "support-workflow\MafWorkflowTests.csproj", "{A34C8C31-F725-4854-BD1F-FC9FBA5FA2E4}"
EndProject
Project("{2150E333-8FDC-42A3-9474-1A3956D46DE8}") = "vet-workflow", "vet-workflow", "{6AC7055C-1643-9ED8-649F-A08CC8BF2CBD}"
EndProject
Project("{FAE04EC0-301F-11D3-BF4B-00C04F79EFBC}") = "VetWorkflow", "vet-workflow\VetWorkflow.csproj", "{62CBE158-55BA-4EA1-8328-789CC1F29191}"
EndProject
Project("{2150E333-8FDC-42A3-9474-1A3956D46DE8}") = "admin", "admin", "{15DAF46D-0EF2-DAED-4287-1C1E198B8D55}"
EndProject
Project("{2150E333-8FDC-42A3-9474-1A3956D46DE8}") = "backend", "backend", "{71B92500-57BA-B6C7-C857-ECDA5FD0FDDB}"
EndProject
Project("{FAE04EC0-301F-11D3-BF4B-00C04F79EFBC}") = "SalesAdmin.Api", "sales-workflow\admin\backend\SalesAdmin.Api\SalesAdmin.Api.csproj", "{3BD8EA53-4F54-467B-85AF-9CDA273DBCC8}"
EndProject
Global
	GlobalSection(SolutionConfigurationPlatforms) = preSolution
		Debug|Any CPU = Debug|Any CPU
		Debug|x64 = Debug|x64
		Debug|x86 = Debug|x86
		Release|Any CPU = Release|Any CPU
		Release|x64 = Release|x64
		Release|x86 = Release|x86
	EndGlobalSection
	GlobalSection(ProjectConfigurationPlatforms) = postSolution
		{9FE1CF1D-F246-4CDE-9729-1B6D60BEFCC8}.Debug|Any CPU.ActiveCfg = Debug|Any CPU
		{9FE1CF1D-F246-4CDE-9729-1B6D60BEFCC8}.Debug|Any CPU.Build.0 = Debug|Any CPU
		{9FE1CF1D-F246-4CDE-9729-1B6D60BEFCC8}.Debug|x64.ActiveCfg = Debug|Any CPU
		{9FE1CF1D-F246-4CDE-9729-1B6D60BEFCC8}.Debug|x64.Build.0 = Debug|Any CPU
		{9FE1CF1D-F246-4CDE-9729-1B6D60BEFCC8}.Debug|x86.ActiveCfg = Debug|Any CPU
		{9FE1CF1D-F246-4CDE-9729-1B6D60BEFCC8}.Debug|x86.Build.0 = Debug|Any CPU
		{9FE1CF1D-F246-4CDE-9729-1B6D60BEFCC8}.Release|Any CPU.ActiveCfg = Release|Any CPU
		{9FE1CF1D-F246-4CDE-9729-1B6D60BEFCC8}.Release|Any CPU.Build.0 = Release|Any CPU
		{9FE1CF1D-F246-4CDE-9729-1B6D60BEFCC8}.Release|x64.ActiveCfg = Release|Any CPU
		{9FE1CF1D-F246-4CDE-9729-1B6D60BEFCC8}.Release|x64.Build.0 = Release|Any CPU
		{9FE1CF1D-F246-4CDE-9729-1B6D60BEFCC8}.Release|x86.ActiveCfg = Release|Any CPU
		{9FE1CF1D-F246-4CDE-9729-1B6D60BEFCC8}.Release|x86.Build.0 = Release|Any CPU
		{707E3E32-DD53-4F21-BE27-6338F06BE2C9}.Debug|Any CPU.ActiveCfg = Debug|Any CPU
		{707E3E32-DD53-4F21-BE27-6338F06BE2C9}.Debug|Any CPU.Build.0 = Debug|Any CPU
		{707E3E32-DD53-4F21-BE27-6338F06BE2C9}.Debug|x64.ActiveCfg = Debug|Any CPU
		{707E3E32-DD53-4F21-BE27-6338F06BE2C9}.Debug|x64.Build.0 = Debug|Any CPU
		{707E3E32-DD53-4F21-BE27-6338F06BE2C9}.Debug|x86.ActiveCfg = Debug|Any CPU
		{707E3E32-DD53-4F21-BE27-6338F06BE2C9}.Debug|x86.Build.0 = Debug|Any CPU
		{707E3E32-DD53-4F21-BE27-6338F06BE2C9}.Release|Any CPU.ActiveCfg = Release|Any CPU
		{707E3E32-DD53-4F21-BE27-6338F06BE2C9}.Release|Any CPU.Build.0 = Release|Any CPU
		{707E3E32-DD53-4F21-BE27-6338F06BE2C9}.Release|x64.ActiveCfg = Release|Any CPU
		{707E3E32-DD53-4F21-BE27-6338F06BE2C9}.Release|x64.Build.0 = Release|Any CPU
		{707E3E32-DD53-4F21-BE27-6338F06BE2C9}.Release|x86.ActiveCfg = Release|Any CPU
		{707E3E32-DD53-4F21-BE27-6338F06BE2C9}.Release|x86.Build.0 = Release|Any CPU
		{D95A202D-0E08-4C01-828A-2165ED178098}.Debug|Any CPU.ActiveCfg = Debug|Any CPU
		{D95A202D-0E08-4C01-828A-2165ED178098}.Debug|Any CPU.Build.0 = Debug|Any CPU
		{D95A202D-0E08-4C01-828A-2165ED178098}.Debug|x64.ActiveCfg = Debug|Any CPU
		{D95A202D-0E08-4C01-828A-2165ED178098}.Debug|x64.Build.0 = Debug|Any CPU
		{D95A202D-0E08-4C01-828A-2165ED178098}.Debug|x86.ActiveCfg = Debug|Any CPU
		{D95A202D-0E08-4C01-828A-2165ED178098}.Debug|x86.Build.0 = Debug|Any CPU
		{D95A202D-0E08-4C01-828A-2165ED178098}.Release|Any CPU.ActiveCfg = Release|Any CPU
		{D95A202D-0E08-4C01-828A-2165ED178098}.Release|Any CPU.Build.0 = Release|Any CPU
		{D95A202D-0E08-4C01-828A-2165ED178098}.Release|x64.ActiveCfg = Release|Any CPU
		{D95A202D-0E08-4C01-828A-2165ED178098}.Release|x64.Build.0 = Release|Any CPU
		{D95A202D-0E08-4C01-828A-2165ED178098}.Release|x86.ActiveCfg = Release|Any CPU
		{D95A202D-0E08-4C01-828A-2165ED178098}.Release|x86.Build.0 = Release|Any CPU
		{0CAE462C-42F7-4720-8AAB-C76507BB940E}.Debug|Any CPU.ActiveCfg = Debug|Any CPU
		{0CAE462C-42F7-4720-8AAB-C76507BB940E}.Debug|Any CPU.Build.0 = Debug|Any CPU
		{0CAE462C-42F7-4720-8AAB-C76507BB940E}.Debug|x64.ActiveCfg = Debug|Any CPU
		{0CAE462C-42F7-4720-8AAB-C76507BB940E}.Debug|x64.Build.0 = Debug|Any CPU
		{0CAE462C-42F7-4720-8AAB-C76507BB940E}.Debug|x86.ActiveCfg = Debug|Any CPU
		{0CAE462C-42F7-4720-8AAB-C76507BB940E}.Debug|x86.Build.0 = Debug|Any CPU
		{0CAE462C-42F7-4720-8AAB-C76507BB940E}.Release|Any CPU.ActiveCfg = Release|Any CPU
		{0CAE462C-42F7-4720-8AAB-C76507BB940E}.Release|Any CPU.Build.0 = Release|Any CPU
		{0CAE462C-42F7-4720-8AAB-C76507BB940E}.Release|x64.ActiveCfg = Release|Any CPU
		{0CAE462C-42F7-4720-8AAB-C76507BB940E}.Release|x64.Build.0 = Release|Any CPU
		{0CAE462C-42F7-4720-8AAB-C76507BB940E}.Release|x86.ActiveCfg = Release|Any CPU
		{0CAE462C-42F7-4720-8AAB-C76507BB940E}.Release|x86.Build.0 = Release|Any CPU
		{54A49AB2-8994-4F26-B944-B856F0F84863}.Debug|Any CPU.ActiveCfg = Debug|Any CPU
		{54A49AB2-8994-4F26-B944-B856F0F84863}.Debug|Any CPU.Build.0 = Debug|Any CPU
		{54A49AB2-8994-4F26-B944-B856F0F84863}.Debug|x64.ActiveCfg = Debug|Any CPU
		{54A49AB2-8994-4F26-B944-B856F0F84863}.Debug|x64.Build.0 = Debug|Any CPU
		{54A49AB2-8994-4F26-B944-B856F0F84863}.Debug|x86.ActiveCfg = Debug|Any CPU
		{54A49AB2-8994-4F26-B944-B856F0F84863}.Debug|x86.Build.0 = Debug|Any CPU
		{54A49AB2-8994-4F26-B944-B856F0F84863}.Release|Any CPU.ActiveCfg = Release|Any CPU
		{54A49AB2-8994-4F26-B944-B856F0F84863}.Release|Any CPU.Build.0 = Release|Any CPU
		{54A49AB2-8994-4F26-B944-B856F0F84863}.Release|x64.ActiveCfg = Release|Any CPU
		{54A49AB2-8994-4F26-B944-B856F0F84863}.Release|x64.Build.0 = Release|Any CPU
		{54A49AB2-8994-4F26-B944-B856F0F84863}.Release|x86.ActiveCfg = Release|Any CPU
		{54A49AB2-8994-4F26-B944-B856F0F84863}.Release|x86.Build.0 = Release|Any CPU
		{A34C8C31-F725-4854-BD1F-FC9FBA5FA2E4}.Debug|Any CPU.ActiveCfg = Debug|Any CPU
		{A34C8C31-F725-4854-BD1F-FC9FBA5FA2E4}.Debug|Any CPU.Build.0 = Debug|Any CPU
		{A34C8C31-F725-4854-BD1F-FC9FBA5FA2E4}.Debug|x64.ActiveCfg = Debug|Any CPU
		{A34C8C31-F725-4854-BD1F-FC9FBA5FA2E4}.Debug|x64.Build.0 = Debug|Any CPU
		{A34C8C31-F725-4854-BD1F-FC9FBA5FA2E4}.Debug|x86.ActiveCfg = Debug|Any CPU
		{A34C8C31-F725-4854-BD1F-FC9FBA5FA2E4}.Debug|x86.Build.0 = Debug|Any CPU
		{A34C8C31-F725-4854-BD1F-FC9FBA5FA2E4}.Release|Any CPU.ActiveCfg = Release|Any CPU
		{A34C8C31-F725-4854-BD1F-FC9FBA5FA2E4}.Release|Any CPU.Build.0 = Release|Any CPU
		{A34C8C31-F725-4854-BD1F-FC9FBA5FA2E4}.Release|x64.ActiveCfg = Release|Any CPU
		{A34C8C31-F725-4854-BD1F-FC9FBA5FA2E4}.Release|x64.Build.0 = Release|Any CPU
		{A34C8C31-F725-4854-BD1F-FC9FBA5FA2E4}.Release|x86.ActiveCfg = Release|Any CPU
		{A34C8C31-F725-4854-BD1F-FC9FBA5FA2E4}.Release|x86.Build.0 = Release|Any CPU
		{62CBE158-55BA-4EA1-8328-789CC1F29191}.Debug|Any CPU.ActiveCfg = Debug|Any CPU
		{62CBE158-55BA-4EA1-8328-789CC1F29191}.Debug|Any CPU.Build.0 = Debug|Any CPU
		{62CBE158-55BA-4EA1-8328-789CC1F29191}.Debug|x64.ActiveCfg = Debug|Any CPU
		{62CBE158-55BA-4EA1-8328-789CC1F29191}.Debug|x64.Build.0 = Debug|Any CPU
		{62CBE158-55BA-4EA1-8328-789CC1F29191}.Debug|x86.ActiveCfg = Debug|Any CPU
		{62CBE158-55BA-4EA1-8328-789CC1F29191}.Debug|x86.Build.0 = Debug|Any CPU
		{62CBE158-55BA-4EA1-8328-789CC1F29191}.Release|Any CPU.ActiveCfg = Release|Any CPU
		{62CBE158-55BA-4EA1-8328-789CC1F29191}.Release|Any CPU.Build.0 = Release|Any CPU
		{62CBE158-55BA-4EA1-8328-789CC1F29191}.Release|x64.ActiveCfg = Release|Any CPU
		{62CBE158-55BA-4EA1-8328-789CC1F29191}.Release|x64.Build.0 = Release|Any CPU
		{62CBE158-55BA-4EA1-8328-789CC1F29191}.Release|x86.ActiveCfg = Release|Any CPU
		{62CBE158-55BA-4EA1-8328-789CC1F29191}.Release|x86.Build.0 = Release|Any CPU
		{3BD8EA53-4F54-467B-85AF-9CDA273DBCC8}.Debug|Any CPU.ActiveCfg = Debug|Any CPU
		{3BD8EA53-4F54-467B-85AF-9CDA273DBCC8}.Debug|Any CPU.Build.0 = Debug|Any CPU
		{3BD8EA53-4F54-467B-85AF-9CDA273DBCC8}.Debug|x64.ActiveCfg = Debug|Any CPU
		{3BD8EA53-4F54-467B-85AF-9CDA273DBCC8}.Debug|x64.Build.0 = Debug|Any CPU
		{3BD8EA53-4F54-467B-85AF-9CDA273DBCC8}.Debug|x86.ActiveCfg = Debug|Any CPU
		{3BD8EA53-4F54-467B-85AF-9CDA273DBCC8}.Debug|x86.Build.0 = Debug|Any CPU
		{3BD8EA53-4F54-467B-85AF-9CDA273DBCC8}.Release|Any CPU.ActiveCfg = Release|Any CPU
		{3BD8EA53-4F54-467B-85AF-9CDA273DBCC8}.Release|Any CPU.Build.0 = Release|Any CPU
		{3BD8EA53-4F54-467B-85AF-9CDA273DBCC8}.Release|x64.ActiveCfg = Release|Any CPU
		{3BD8EA53-4F54-467B-85AF-9CDA273DBCC8}.Release|x64.Build.0 = Release|Any CPU
		{3BD8EA53-4F54-467B-85AF-9CDA273DBCC8}.Release|x86.ActiveCfg = Release|Any CPU
		{3BD8EA53-4F54-467B-85AF-9CDA273DBCC8}.Release|x86.Build.0 = Release|Any CPU
	EndGlobalSection
	GlobalSection(SolutionProperties) = preSolution
		HideSolutionNode = FALSE
	EndGlobalSection
	GlobalSection(NestedProjects) = preSolution
		{9FE1CF1D-F246-4CDE-9729-1B6D60BEFCC8} = {4F52FD11-658E-A102-6CD3-7D7C16FFA15B}
		{707E3E32-DD53-4F21-BE27-6338F06BE2C9} = {4F52FD11-658E-A102-6CD3-7D7C16FFA15B}
		{724E7FFF-58AB-746C-5F68-C4E8B7C762A4} = {E51BC159-DD2D-E68A-631F-585717F03A54}
		{D95A202D-0E08-4C01-828A-2165ED178098} = {724E7FFF-58AB-746C-5F68-C4E8B7C762A4}
		{0CAE462C-42F7-4720-8AAB-C76507BB940E} = {BE8830DF-ABAB-A7C6-9D2B-8BA6195A0CC7}
		{A34C8C31-F725-4854-BD1F-FC9FBA5FA2E4} = {A299BD37-9299-A4A2-FF30-9D3D320DF551}
		{62CBE158-55BA-4EA1-8328-789CC1F29191} = {6AC7055C-1643-9ED8-649F-A08CC8BF2CBD}
		{15DAF46D-0EF2-DAED-4287-1C1E198B8D55} = {E51BC159-DD2D-E68A-631F-585717F03A54}
		{71B92500-57BA-B6C7-C857-ECDA5FD0FDDB} = {15DAF46D-0EF2-DAED-4287-1C1E198B8D55}
		{3BD8EA53-4F54-467B-85AF-9CDA273DBCC8} = {71B92500-57BA-B6C7-C857-ECDA5FD0FDDB}
	EndGlobalSection
EndGlobal
